
Microsoft Visual Studio Solution File, Format Version 12.00
# Visual Studio Version 17
VisualStudioVersion = 17.11.35219.272
MinimumVisualStudioVersion = 10.0.40219.1
Project("{9A19103F-16F7-4668-BE54-9A1E7A4F7556}") = "VideoDevicePreviewer", "VideoDevicePreviewer.csproj", "{5A4F10FF-B954-497F-B0AE-176592CCF652}"
EndProject
Global
	GlobalSection(SolutionConfigurationPlatforms) = preSolution
		Debug|Any CPU = Debug|Any CPU
		Release|Any CPU = Release|Any CPU
	EndGlobalSection
	GlobalSection(ProjectConfigurationPlatforms) = postSolution
		{5A4F10FF-B954-497F-B0AE-176592CCF652}.Debug|Any CPU.ActiveCfg = Debug|Any CPU
		{5A4F10FF-B954-497F-B0AE-176592CCF652}.Debug|Any CPU.Build.0 = Debug|Any CPU
		{5A4F10FF-B954-497F-B0AE-176592CCF652}.Release|Any CPU.ActiveCfg = Release|Any CPU
		{5A4F10FF-B954-497F-B0AE-176592CCF652}.Release|Any CPU.Build.0 = Release|Any CPU
	EndGlobalSection
	GlobalSection(SolutionProperties) = preSolution
		HideSolutionNode = FALSE
	EndGlobalSection
	GlobalSection(ExtensibilityGlobals) = postSolution
		SolutionGuid = {28A9D422-5242-46A7-9A1E-2B788576B5A1}
	EndGlobalSection
EndGlobal
